
Microsoft Visual Studio Solution File, Format Version 12.00
# Visual Studio 15
VisualStudioVersion = 15.0.26124.0
MinimumVisualStudioVersion = 15.0.26124.0
Project("{2150E333-8FDC-42A3-9474-1A3956D46DE8}") = "src", "src", "{5AF44C1C-78DD-45F4-941C-E5957775161E}"
EndProject
Project("{FAE04EC0-301F-11D3-BF4B-00C04F79EFBC}") = "WebApiTwitchAuth", "src\WebApiTwitchAuth\WebApiTwitchAuth.csproj", "{F57F676A-59D2-413A-9627-A71363B14BC9}"
EndProject
Global
	GlobalSection(SolutionConfigurationPlatforms) = preSolution
		Debug|Any CPU = Debug|Any CPU
		Debug|x64 = Debug|x64
		Debug|x86 = Debug|x86
		Release|Any CPU = Release|Any CPU
		Release|x64 = Release|x64
		Release|x86 = Release|x86
	EndGlobalSection
	GlobalSection(SolutionProperties) = preSolution
		HideSolutionNode = FALSE
	EndGlobalSection
	GlobalSection(ProjectConfigurationPlatforms) = postSolution
		{F57F676A-59D2-413A-9627-A71363B14BC9}.Debug|Any CPU.ActiveCfg = Debug|Any CPU
		{F57F676A-59D2-413A-9627-A71363B14BC9}.Debug|Any CPU.Build.0 = Debug|Any CPU
		{F57F676A-59D2-413A-9627-A71363B14BC9}.Debug|x64.ActiveCfg = Debug|Any CPU
		{F57F676A-59D2-413A-9627-A71363B14BC9}.Debug|x64.Build.0 = Debug|Any CPU
		{F57F676A-59D2-413A-9627-A71363B14BC9}.Debug|x86.ActiveCfg = Debug|Any CPU
		{F57F676A-59D2-413A-9627-A71363B14BC9}.Debug|x86.Build.0 = Debug|Any CPU
		{F57F676A-59D2-413A-9627-A71363B14BC9}.Release|Any CPU.ActiveCfg = Release|Any CPU
		{F57F676A-59D2-413A-9627-A71363B14BC9}.Release|Any CPU.Build.0 = Release|Any CPU
		{F57F676A-59D2-413A-9627-A71363B14BC9}.Release|x64.ActiveCfg = Release|Any CPU
		{F57F676A-59D2-413A-9627-A71363B14BC9}.Release|x64.Build.0 = Release|Any CPU
		{F57F676A-59D2-413A-9627-A71363B14BC9}.Release|x86.ActiveCfg = Release|Any CPU
		{F57F676A-59D2-413A-9627-A71363B14BC9}.Release|x86.Build.0 = Release|Any CPU
	EndGlobalSection
	GlobalSection(NestedProjects) = preSolution
		{F57F676A-59D2-413A-9627-A71363B14BC9} = {5AF44C1C-78DD-45F4-941C-E5957775161E}
	EndGlobalSection
EndGlobal
